
Microsoft Visual Studio Solution File, Format Version 12.00
# Visual Studio Version 16
VisualStudioVersion = 16.0.28803.202
MinimumVisualStudioVersion = 10.0.40219.1
Project("{9A19103F-16F7-4668-BE54-9A1E7A4F7556}") = "JK.Cube.Domain", "JK.Cube.Domain\JK.Cube.Domain.csproj", "{C8ACCDF3-F4B0-4E2A-BF59-36486ED04740}"
EndProject
Project("{9A19103F-16F7-4668-BE54-9A1E7A4F7556}") = "JK.Cube.Infrastructure", "JK.Cube.Infrastructure\JK.Cube.Infrastructure.csproj", "{79BEE0C9-7E6F-45D3-974A-C099E88D1DEC}"
EndProject
Project("{9A19103F-16F7-4668-BE54-9A1E7A4F7556}") = "JK.Cube.Application", "JK.Cube.Application\JK.Cube.Application.csproj", "{A4E45F56-297C-4BB3-9F14-94785824D4E7}"
EndProject
Project("{9A19103F-16F7-4668-BE54-9A1E7A4F7556}") = "JK.Cube.Api", "JK.Cube.Api\JK.Cube.Api.csproj", "{BEFEABFE-E41A-4A2D-B52D-7CEC586BB864}"
EndProject
Project("{9A19103F-16F7-4668-BE54-9A1E7A4F7556}") = "JK.Cube.Domain.Test", "JK.Cube.Domain.Test\JK.Cube.Domain.Test.csproj", "{A759F5B5-A2BD-4D54-AF15-8E91F84CDE25}"
EndProject
Project("{9A19103F-16F7-4668-BE54-9A1E7A4F7556}") = "JK.Core.Architecture.CQRS", "JK.Cores\JK.Core.Architecture.CQRS\JK.Core.Architecture.CQRS.csproj", "{1C2B4099-2368-48A0-9CC5-AEEA54EC558A}"
EndProject
Project("{9A19103F-16F7-4668-BE54-9A1E7A4F7556}") = "JK.Core.Architecture.DDD", "JK.Cores\JK.Core.Architecture.DDD\JK.Core.Architecture.DDD.csproj", "{9F02B51F-71F5-41B4-B33E-7A96B3627066}"
EndProject
Project("{9A19103F-16F7-4668-BE54-9A1E7A4F7556}") = "JK.Core.Architecture.EDA", "JK.Cores\JK.Core.Architecture.EDA\JK.Core.Architecture.EDA.csproj", "{81B8DF38-357C-4847-88EB-9559E512DD81}"
EndProject
Project("{9A19103F-16F7-4668-BE54-9A1E7A4F7556}") = "JK.Core.Architecture.IoC", "JK.Cores\JK.Core.Architecture.IoC\JK.Core.Architecture.IoC.csproj", "{7679671F-EB48-420A-AA51-E03916D0CD9D}"
EndProject
Global
	GlobalSection(SolutionConfigurationPlatforms) = preSolution
		Debug|Any CPU = Debug|Any CPU
		Release|Any CPU = Release|Any CPU
	EndGlobalSection
	GlobalSection(ProjectConfigurationPlatforms) = postSolution
		{C8ACCDF3-F4B0-4E2A-BF59-36486ED04740}.Debug|Any CPU.ActiveCfg = Debug|Any CPU
		{C8ACCDF3-F4B0-4E2A-BF59-36486ED04740}.Debug|Any CPU.Build.0 = Debug|Any CPU
		{C8ACCDF3-F4B0-4E2A-BF59-36486ED04740}.Release|Any CPU.ActiveCfg = Release|Any CPU
		{C8ACCDF3-F4B0-4E2A-BF59-36486ED04740}.Release|Any CPU.Build.0 = Release|Any CPU
		{79BEE0C9-7E6F-45D3-974A-C099E88D1DEC}.Debug|Any CPU.ActiveCfg = Debug|Any CPU
		{79BEE0C9-7E6F-45D3-974A-C099E88D1DEC}.Debug|Any CPU.Build.0 = Debug|Any CPU
		{79BEE0C9-7E6F-45D3-974A-C099E88D1DEC}.Release|Any CPU.ActiveCfg = Release|Any CPU
		{79BEE0C9-7E6F-45D3-974A-C099E88D1DEC}.Release|Any CPU.Build.0 = Release|Any CPU
		{A4E45F56-297C-4BB3-9F14-94785824D4E7}.Debug|Any CPU.ActiveCfg = Debug|Any CPU
		{A4E45F56-297C-4BB3-9F14-94785824D4E7}.Debug|Any CPU.Build.0 = Debug|Any CPU
		{A4E45F56-297C-4BB3-9F14-94785824D4E7}.Release|Any CPU.ActiveCfg = Release|Any CPU
		{A4E45F56-297C-4BB3-9F14-94785824D4E7}.Release|Any CPU.Build.0 = Release|Any CPU
		{BEFEABFE-E41A-4A2D-B52D-7CEC586BB864}.Debug|Any CPU.ActiveCfg = Debug|Any CPU
		{BEFEABFE-E41A-4A2D-B52D-7CEC586BB864}.Debug|Any CPU.Build.0 = Debug|Any CPU
		{BEFEABFE-E41A-4A2D-B52D-7CEC586BB864}.Release|Any CPU.ActiveCfg = Release|Any CPU
		{BEFEABFE-E41A-4A2D-B52D-7CEC586BB864}.Release|Any CPU.Build.0 = Release|Any CPU
		{A759F5B5-A2BD-4D54-AF15-8E91F84CDE25}.Debug|Any CPU.ActiveCfg = Debug|Any CPU
		{A759F5B5-A2BD-4D54-AF15-8E91F84CDE25}.Debug|Any CPU.Build.0 = Debug|Any CPU
		{A759F5B5-A2BD-4D54-AF15-8E91F84CDE25}.Release|Any CPU.ActiveCfg = Release|Any CPU
		{A759F5B5-A2BD-4D54-AF15-8E91F84CDE25}.Release|Any CPU.Build.0 = Release|Any CPU
		{1C2B4099-2368-48A0-9CC5-AEEA54EC558A}.Debug|Any CPU.ActiveCfg = Debug|Any CPU
		{1C2B4099-2368-48A0-9CC5-AEEA54EC558A}.Debug|Any CPU.Build.0 = Debug|Any CPU
		{1C2B4099-2368-48A0-9CC5-AEEA54EC558A}.Release|Any CPU.ActiveCfg = Release|Any CPU
		{1C2B4099-2368-48A0-9CC5-AEEA54EC558A}.Release|Any CPU.Build.0 = Release|Any CPU
		{9F02B51F-71F5-41B4-B33E-7A96B3627066}.Debug|Any CPU.ActiveCfg = Debug|Any CPU
		{9F02B51F-71F5-41B4-B33E-7A96B3627066}.Debug|Any CPU.Build.0 = Debug|Any CPU
		{9F02B51F-71F5-41B4-B33E-7A96B3627066}.Release|Any CPU.ActiveCfg = Release|Any CPU
		{9F02B51F-71F5-41B4-B33E-7A96B3627066}.Release|Any CPU.Build.0 = Release|Any CPU
		{81B8DF38-357C-4847-88EB-9559E512DD81}.Debug|Any CPU.ActiveCfg = Debug|Any CPU
		{81B8DF38-357C-4847-88EB-9559E512DD81}.Debug|Any CPU.Build.0 = Debug|Any CPU
		{81B8DF38-357C-4847-88EB-9559E512DD81}.Release|Any CPU.ActiveCfg = Release|Any CPU
		{81B8DF38-357C-4847-88EB-9559E512DD81}.Release|Any CPU.Build.0 = Release|Any CPU
		{7679671F-EB48-420A-AA51-E03916D0CD9D}.Debug|Any CPU.ActiveCfg = Debug|Any CPU
		{7679671F-EB48-420A-AA51-E03916D0CD9D}.Debug|Any CPU.Build.0 = Debug|Any CPU
		{7679671F-EB48-420A-AA51-E03916D0CD9D}.Release|Any CPU.ActiveCfg = Release|Any CPU
		{7679671F-EB48-420A-AA51-E03916D0CD9D}.Release|Any CPU.Build.0 = Release|Any CPU
	EndGlobalSection
	GlobalSection(SolutionProperties) = preSolution
		HideSolutionNode = FALSE
	EndGlobalSection
	GlobalSection(ExtensibilityGlobals) = postSolution
		SolutionGuid = {F9E55B83-5049-44E1-8330-F02334F1FB2A}
	EndGlobalSection
EndGlobal
